
Microsoft Visual Studio Solution File, Format Version 12.00
# Visual Studio Version 17
VisualStudioVersion = 17.6.33723.286
MinimumVisualStudioVersion = 10.0.40219.1
Project("{FAE04EC0-301F-11D3-BF4B-00C04F79EFBC}") = "KB11558_UltraGridHotTrackCellStyling_WinFormsApp1", "KB11558_UltraGridHotTrackCellStyling_WinFormsApp1\KB11558_UltraGridHotTrackCellStyling_WinFormsApp1.csproj", "{8D30994E-BC65-426F-B006-DF8BD63275FE}"
EndProject
Global
	GlobalSection(SolutionConfigurationPlatforms) = preSolution
		Debug|Any CPU = Debug|Any CPU
		Release|Any CPU = Release|Any CPU
	EndGlobalSection
	GlobalSection(ProjectConfigurationPlatforms) = postSolution
		{8D30994E-BC65-426F-B006-DF8BD63275FE}.Debug|Any CPU.ActiveCfg = Debug|Any CPU
		{8D30994E-BC65-426F-B006-DF8BD63275FE}.Debug|Any CPU.Build.0 = Debug|Any CPU
		{8D30994E-BC65-426F-B006-DF8BD63275FE}.Release|Any CPU.ActiveCfg = Release|Any CPU
		{8D30994E-BC65-426F-B006-DF8BD63275FE}.Release|Any CPU.Build.0 = Release|Any CPU
	EndGlobalSection
	GlobalSection(SolutionProperties) = preSolution
		HideSolutionNode = FALSE
	EndGlobalSection
	GlobalSection(ExtensibilityGlobals) = postSolution
		SolutionGuid = {5B643F91-B1A4-48D8-9304-AFDD1BDB582F}
	EndGlobalSection
EndGlobal
